{
  "version": 4,
  "terraform_version": "1.7.0",
  "serial": 5,
  "lineage": "6c9610b2-b525-47b5-0a78-aa16f3b5a563",
  "outputs": {
    "random_id": {
      "value": "caLhIs0COqM",
      "type": "string"
    },
    "random_password": {
      "value": {
        "bcrypt_hash": "$2a$10$0ZnvmaUrUkUeMMCC2lcgFOLWOSPlAdEIN0jAEdcD4tU1j7s3JpdJe",
        "id": "none",
        "keepers": null,
        "length": 16,
        "lower": true,
        "min_lower": 0,
        "min_numeric": 0,
        "min_special": 0,
        "min_upper": 0,
        "number": true,
        "numeric": true,
        "override_special": "!#$%\u0026*()-_=+[]{}\u003c\u003e:?",
        "result": "7O\u003cAwc=ax:s+:Gcj",
        "special": true,
        "upper": true
      },
      "type": [
        "object",
        {
          "bcrypt_hash": "string",
          "id": "string",
          "keepers": [
            "map",
            "string"
          ],
          "length": "number",
          "lower": "bool",
          "min_lower": "number",
          "min_numeric": "number",
          "min_special": "number",
          "min_upper": "number",
          "number": "bool",
          "numeric": "bool",
          "override_special": "string",
          "result": "string",
          "special": "bool",
          "upper": "bool"
        }
      ],
      "sensitive": true
    }
  },
  "resources": [
    {
      "mode": "managed",
      "type": "local_file",
      "name": "name",
      "provider": "provider[\"registry.terraform.io/hashicorp/local\"]",
      "instances": [
        {
          "schema_version": 0,
          "attributes": {
            "content": "hi",
            "content_base64": null,
            "content_base64sha256": "j0NDRmSPa5bfid2pAcUXaxCm2Dlh3TwayItZstwyeqQ=",
            "content_base64sha512": "FQoU7VvqbMcxz4bEFWasQnqNtI7xuf1iZmSzv7uZBx+kySLzPd44cZuMg1Tit6udd+Dmf8EoQ5IKcS5z1Vjhlw==",
            "content_md5": "49f68a5c8493ec2c0bf489821c21fc3b",
            "content_sha1": "c22b5f9178342609428d6f51b2c5af4c0bde6a42",
            "content_sha256": "8f434346648f6b96df89dda901c5176b10a6d83961dd3c1ac88b59b2dc327aa4",
            "content_sha512": "150a14ed5bea6cc731cf86c41566ac427a8db48ef1b9fd626664b3bfbb99071fa4c922f33dde38719b8c8354e2b7ab9d77e0e67fc12843920a712e73d558e197",
            "directory_permission": "0777",
            "file_permission": "0777",
            "filename": "./foo.bar",
            "id": "c22b5f9178342609428d6f51b2c5af4c0bde6a42",
            "sensitive_content": null,
            "source": null
          },
          "sensitive_attributes": []
        }
      ]
    },
    {
      "mode": "managed",
      "type": "random_id",
      "name": "server",
      "provider": "provider[\"registry.terraform.io/hashicorp/random\"]",
      "instances": [
        {
          "schema_version": 0,
          "attributes": {
            "b64_std": "caLhIs0COqM=",
            "b64_url": "caLhIs0COqM",
            "byte_length": 8,
            "dec": "8188354612097596067",
            "hex": "71a2e122cd023aa3",
            "id": "caLhIs0COqM",
            "keepers": {
              "image_id": "abc"
            },
            "prefix": null
          },
          "sensitive_attributes": []
        }
      ]
    },
    {
      "mode": "managed",
      "type": "random_password",
      "name": "password",
      "provider": "provider[\"registry.terraform.io/hashicorp/random\"]",
      "instances": [
        {
          "schema_version": 3,
          "attributes": {
            "bcrypt_hash": "$2a$10$0ZnvmaUrUkUeMMCC2lcgFOLWOSPlAdEIN0jAEdcD4tU1j7s3JpdJe",
            "id": "none",
            "keepers": null,
            "length": 16,
            "lower": true,
            "min_lower": 0,
            "min_numeric": 0,
            "min_special": 0,
            "min_upper": 0,
            "number": true,
            "numeric": true,
            "override_special": "!#$%\u0026*()-_=+[]{}\u003c\u003e:?",
            "result": "7O\u003cAwc=ax:s+:Gcj",
            "special": true,
            "upper": true
          },
          "sensitive_attributes": []
        }
      ]
    }
  ],
  "check_results": null
}
